
Microsoft Visual Studio Solution File, Format Version 12.00
# Visual Studio Version 16
VisualStudioVersion = 16.0.30011.22
MinimumVisualStudioVersion = 10.0.40219.1
Project("{FAE04EC0-301F-11D3-BF4B-00C04F79EFBC}") = "Recursion_101", "Recursion_101.csproj", "{C76D3981-BCE7-4C50-B72E-2F66675EEC61}"
EndProject
Global
	GlobalSection(SolutionConfigurationPlatforms) = preSolution
		Debug|Any CPU = Debug|Any CPU
		Release|Any CPU = Release|Any CPU
	EndGlobalSection
	GlobalSection(ProjectConfigurationPlatforms) = postSolution
		{C76D3981-BCE7-4C50-B72E-2F66675EEC61}.Debug|Any CPU.ActiveCfg = Debug|Any CPU
		{C76D3981-BCE7-4C50-B72E-2F66675EEC61}.Debug|Any CPU.Build.0 = Debug|Any CPU
		{C76D3981-BCE7-4C50-B72E-2F66675EEC61}.Release|Any CPU.ActiveCfg = Release|Any CPU
		{C76D3981-BCE7-4C50-B72E-2F66675EEC61}.Release|Any CPU.Build.0 = Release|Any CPU
	EndGlobalSection
	GlobalSection(SolutionProperties) = preSolution
		HideSolutionNode = FALSE
	EndGlobalSection
	GlobalSection(ExtensibilityGlobals) = postSolution
		SolutionGuid = {21F91E0C-A727-4736-B35F-3B77435A1D2F}
	EndGlobalSection
EndGlobal
