
Microsoft Visual Studio Solution File, Format Version 12.00
# Visual Studio Version 16
VisualStudioVersion = 16.0.30011.22
MinimumVisualStudioVersion = 10.0.40219.1
Project("{FAE04EC0-301F-11D3-BF4B-00C04F79EFBC}") = "Your_order_please", "Your_order_please.csproj", "{969F18CF-8823-4481-9C3E-7AF8B4B6940B}"
EndProject
Global
	GlobalSection(SolutionConfigurationPlatforms) = preSolution
		Debug|Any CPU = Debug|Any CPU
		Release|Any CPU = Release|Any CPU
	EndGlobalSection
	GlobalSection(ProjectConfigurationPlatforms) = postSolution
		{969F18CF-8823-4481-9C3E-7AF8B4B6940B}.Debug|Any CPU.ActiveCfg = Debug|Any CPU
		{969F18CF-8823-4481-9C3E-7AF8B4B6940B}.Debug|Any CPU.Build.0 = Debug|Any CPU
		{969F18CF-8823-4481-9C3E-7AF8B4B6940B}.Release|Any CPU.ActiveCfg = Release|Any CPU
		{969F18CF-8823-4481-9C3E-7AF8B4B6940B}.Release|Any CPU.Build.0 = Release|Any CPU
	EndGlobalSection
	GlobalSection(SolutionProperties) = preSolution
		HideSolutionNode = FALSE
	EndGlobalSection
	GlobalSection(ExtensibilityGlobals) = postSolution
		SolutionGuid = {C1DDF4E9-DDA1-4163-BC30-C1E47E50CCE4}
	EndGlobalSection
EndGlobal
