
Microsoft Visual Studio Solution File, Format Version 12.00
# Visual Studio Version 16
VisualStudioVersion = 16.0.30011.22
MinimumVisualStudioVersion = 10.0.40219.1
Project("{FAE04EC0-301F-11D3-BF4B-00C04F79EFBC}") = "JosephusSurvivor", "JosephusSurvivor.csproj", "{5877C3A8-9AAF-46AA-9BE0-6EC7B29CF89D}"
EndProject
Global
	GlobalSection(SolutionConfigurationPlatforms) = preSolution
		Debug|Any CPU = Debug|Any CPU
		Release|Any CPU = Release|Any CPU
	EndGlobalSection
	GlobalSection(ProjectConfigurationPlatforms) = postSolution
		{5877C3A8-9AAF-46AA-9BE0-6EC7B29CF89D}.Debug|Any CPU.ActiveCfg = Debug|Any CPU
		{5877C3A8-9AAF-46AA-9BE0-6EC7B29CF89D}.Debug|Any CPU.Build.0 = Debug|Any CPU
		{5877C3A8-9AAF-46AA-9BE0-6EC7B29CF89D}.Release|Any CPU.ActiveCfg = Release|Any CPU
		{5877C3A8-9AAF-46AA-9BE0-6EC7B29CF89D}.Release|Any CPU.Build.0 = Release|Any CPU
	EndGlobalSection
	GlobalSection(SolutionProperties) = preSolution
		HideSolutionNode = FALSE
	EndGlobalSection
	GlobalSection(ExtensibilityGlobals) = postSolution
		SolutionGuid = {ADC2238C-976E-4329-8C37-F333FB203720}
	EndGlobalSection
EndGlobal
