
Microsoft Visual Studio Solution File, Format Version 12.00
# Visual Studio Version 16
VisualStudioVersion = 16.0.30011.22
MinimumVisualStudioVersion = 10.0.40219.1
Project("{FAE04EC0-301F-11D3-BF4B-00C04F79EFBC}") = "N_smallest_elements_in_original_order", "N_smallest_elements_in_original_order.csproj", "{9BF1CEF7-2213-4D8A-90FD-3E552DC4770E}"
EndProject
Global
	GlobalSection(SolutionConfigurationPlatforms) = preSolution
		Debug|Any CPU = Debug|Any CPU
		Release|Any CPU = Release|Any CPU
	EndGlobalSection
	GlobalSection(ProjectConfigurationPlatforms) = postSolution
		{9BF1CEF7-2213-4D8A-90FD-3E552DC4770E}.Debug|Any CPU.ActiveCfg = Debug|Any CPU
		{9BF1CEF7-2213-4D8A-90FD-3E552DC4770E}.Debug|Any CPU.Build.0 = Debug|Any CPU
		{9BF1CEF7-2213-4D8A-90FD-3E552DC4770E}.Release|Any CPU.ActiveCfg = Release|Any CPU
		{9BF1CEF7-2213-4D8A-90FD-3E552DC4770E}.Release|Any CPU.Build.0 = Release|Any CPU
	EndGlobalSection
	GlobalSection(SolutionProperties) = preSolution
		HideSolutionNode = FALSE
	EndGlobalSection
	GlobalSection(ExtensibilityGlobals) = postSolution
		SolutionGuid = {950A59AF-F568-4491-AE25-C85200C11CB9}
	EndGlobalSection
EndGlobal
