
Microsoft Visual Studio Solution File, Format Version 12.00
# Visual Studio Version 16
VisualStudioVersion = 16.0.30011.22
MinimumVisualStudioVersion = 10.0.40219.1
Project("{FAE04EC0-301F-11D3-BF4B-00C04F79EFBC}") = "Does_my_number_look_big_in_this", "Does_my_number_look_big_in_this.csproj", "{A1E057FE-1054-4E6C-88B8-627F509C3A45}"
EndProject
Global
	GlobalSection(SolutionConfigurationPlatforms) = preSolution
		Debug|Any CPU = Debug|Any CPU
		Release|Any CPU = Release|Any CPU
	EndGlobalSection
	GlobalSection(ProjectConfigurationPlatforms) = postSolution
		{A1E057FE-1054-4E6C-88B8-627F509C3A45}.Debug|Any CPU.ActiveCfg = Debug|Any CPU
		{A1E057FE-1054-4E6C-88B8-627F509C3A45}.Debug|Any CPU.Build.0 = Debug|Any CPU
		{A1E057FE-1054-4E6C-88B8-627F509C3A45}.Release|Any CPU.ActiveCfg = Release|Any CPU
		{A1E057FE-1054-4E6C-88B8-627F509C3A45}.Release|Any CPU.Build.0 = Release|Any CPU
	EndGlobalSection
	GlobalSection(SolutionProperties) = preSolution
		HideSolutionNode = FALSE
	EndGlobalSection
	GlobalSection(ExtensibilityGlobals) = postSolution
		SolutionGuid = {4F4B6DC7-048D-4C79-AF22-77455A9E5328}
	EndGlobalSection
EndGlobal
