
Microsoft Visual Studio Solution File, Format Version 12.00
# Visual Studio Version 16
VisualStudioVersion = 16.0.30011.22
MinimumVisualStudioVersion = 10.0.40219.1
Project("{FAE04EC0-301F-11D3-BF4B-00C04F79EFBC}") = "Sum_of_Digits", "Sum_of_Digits.csproj", "{5724187F-541F-4394-9381-6A4021BB92CA}"
EndProject
Global
	GlobalSection(SolutionConfigurationPlatforms) = preSolution
		Debug|Any CPU = Debug|Any CPU
		Release|Any CPU = Release|Any CPU
	EndGlobalSection
	GlobalSection(ProjectConfigurationPlatforms) = postSolution
		{5724187F-541F-4394-9381-6A4021BB92CA}.Debug|Any CPU.ActiveCfg = Debug|Any CPU
		{5724187F-541F-4394-9381-6A4021BB92CA}.Debug|Any CPU.Build.0 = Debug|Any CPU
		{5724187F-541F-4394-9381-6A4021BB92CA}.Release|Any CPU.ActiveCfg = Release|Any CPU
		{5724187F-541F-4394-9381-6A4021BB92CA}.Release|Any CPU.Build.0 = Release|Any CPU
	EndGlobalSection
	GlobalSection(SolutionProperties) = preSolution
		HideSolutionNode = FALSE
	EndGlobalSection
	GlobalSection(ExtensibilityGlobals) = postSolution
		SolutionGuid = {DF48BDC6-2BA5-4A93-92F7-C621FF961E88}
	EndGlobalSection
EndGlobal
