
Microsoft Visual Studio Solution File, Format Version 12.00
# Visual Studio Version 16
VisualStudioVersion = 16.0.30011.22
MinimumVisualStudioVersion = 10.0.40219.1
Project("{FAE04EC0-301F-11D3-BF4B-00C04F79EFBC}") = "I_said_the_word_WOULD_instead_of_WOULDN'T", "I_said_the_word_WOULD_instead_of_WOULDN'T.csproj", "{15928185-05B5-459B-A315-3716BF179C10}"
EndProject
Global
	GlobalSection(SolutionConfigurationPlatforms) = preSolution
		Debug|Any CPU = Debug|Any CPU
		Release|Any CPU = Release|Any CPU
	EndGlobalSection
	GlobalSection(ProjectConfigurationPlatforms) = postSolution
		{15928185-05B5-459B-A315-3716BF179C10}.Debug|Any CPU.ActiveCfg = Debug|Any CPU
		{15928185-05B5-459B-A315-3716BF179C10}.Debug|Any CPU.Build.0 = Debug|Any CPU
		{15928185-05B5-459B-A315-3716BF179C10}.Release|Any CPU.ActiveCfg = Release|Any CPU
		{15928185-05B5-459B-A315-3716BF179C10}.Release|Any CPU.Build.0 = Release|Any CPU
	EndGlobalSection
	GlobalSection(SolutionProperties) = preSolution
		HideSolutionNode = FALSE
	EndGlobalSection
	GlobalSection(ExtensibilityGlobals) = postSolution
		SolutionGuid = {CD0E3DB0-574D-46B7-B821-10F51A464647}
	EndGlobalSection
EndGlobal
