
Microsoft Visual Studio Solution File, Format Version 12.00
# Visual Studio Version 16
VisualStudioVersion = 16.0.30011.22
MinimumVisualStudioVersion = 10.0.40219.1
Project("{FAE04EC0-301F-11D3-BF4B-00C04F79EFBC}") = "Mexican_Wave", "Mexican_Wave.csproj", "{44FBED01-C616-4BBC-9825-5D370F61ED64}"
EndProject
Global
	GlobalSection(SolutionConfigurationPlatforms) = preSolution
		Debug|Any CPU = Debug|Any CPU
		Release|Any CPU = Release|Any CPU
	EndGlobalSection
	GlobalSection(ProjectConfigurationPlatforms) = postSolution
		{44FBED01-C616-4BBC-9825-5D370F61ED64}.Debug|Any CPU.ActiveCfg = Debug|Any CPU
		{44FBED01-C616-4BBC-9825-5D370F61ED64}.Debug|Any CPU.Build.0 = Debug|Any CPU
		{44FBED01-C616-4BBC-9825-5D370F61ED64}.Release|Any CPU.ActiveCfg = Release|Any CPU
		{44FBED01-C616-4BBC-9825-5D370F61ED64}.Release|Any CPU.Build.0 = Release|Any CPU
	EndGlobalSection
	GlobalSection(SolutionProperties) = preSolution
		HideSolutionNode = FALSE
	EndGlobalSection
	GlobalSection(ExtensibilityGlobals) = postSolution
		SolutionGuid = {DB28383C-52FB-40FC-BECD-62089B3819F3}
	EndGlobalSection
EndGlobal
