
Microsoft Visual Studio Solution File, Format Version 12.00
# Visual Studio Version 16
VisualStudioVersion = 16.0.30011.22
MinimumVisualStudioVersion = 10.0.40219.1
Project("{FAE04EC0-301F-11D3-BF4B-00C04F79EFBC}") = "Build_a_pile_of_Cubes", "Build_a_pile_of_Cubes.csproj", "{DC6EDC73-BB78-4AE8-BE19-3E030836A28A}"
EndProject
Global
	GlobalSection(SolutionConfigurationPlatforms) = preSolution
		Debug|Any CPU = Debug|Any CPU
		Release|Any CPU = Release|Any CPU
	EndGlobalSection
	GlobalSection(ProjectConfigurationPlatforms) = postSolution
		{DC6EDC73-BB78-4AE8-BE19-3E030836A28A}.Debug|Any CPU.ActiveCfg = Debug|Any CPU
		{DC6EDC73-BB78-4AE8-BE19-3E030836A28A}.Debug|Any CPU.Build.0 = Debug|Any CPU
		{DC6EDC73-BB78-4AE8-BE19-3E030836A28A}.Release|Any CPU.ActiveCfg = Release|Any CPU
		{DC6EDC73-BB78-4AE8-BE19-3E030836A28A}.Release|Any CPU.Build.0 = Release|Any CPU
	EndGlobalSection
	GlobalSection(SolutionProperties) = preSolution
		HideSolutionNode = FALSE
	EndGlobalSection
	GlobalSection(ExtensibilityGlobals) = postSolution
		SolutionGuid = {54DFBB54-FA0C-4FA9-B5A1-2D06472AACDE}
	EndGlobalSection
EndGlobal
