
Microsoft Visual Studio Solution File, Format Version 12.00
# Visual Studio Version 16
VisualStudioVersion = 16.0.30011.22
MinimumVisualStudioVersion = 10.0.40219.1
Project("{FAE04EC0-301F-11D3-BF4B-00C04F79EFBC}") = "Validate_my_Password", "Validate_my_Password.csproj", "{8CDD87F4-5DDE-4F17-B397-23C4D4C24072}"
EndProject
Global
	GlobalSection(SolutionConfigurationPlatforms) = preSolution
		Debug|Any CPU = Debug|Any CPU
		Release|Any CPU = Release|Any CPU
	EndGlobalSection
	GlobalSection(ProjectConfigurationPlatforms) = postSolution
		{8CDD87F4-5DDE-4F17-B397-23C4D4C24072}.Debug|Any CPU.ActiveCfg = Debug|Any CPU
		{8CDD87F4-5DDE-4F17-B397-23C4D4C24072}.Debug|Any CPU.Build.0 = Debug|Any CPU
		{8CDD87F4-5DDE-4F17-B397-23C4D4C24072}.Release|Any CPU.ActiveCfg = Release|Any CPU
		{8CDD87F4-5DDE-4F17-B397-23C4D4C24072}.Release|Any CPU.Build.0 = Release|Any CPU
	EndGlobalSection
	GlobalSection(SolutionProperties) = preSolution
		HideSolutionNode = FALSE
	EndGlobalSection
	GlobalSection(ExtensibilityGlobals) = postSolution
		SolutionGuid = {EBEE4E32-14E8-41E6-9853-2A5B3B8F409E}
	EndGlobalSection
EndGlobal
