
Microsoft Visual Studio Solution File, Format Version 12.00
# Visual Studio Version 16
VisualStudioVersion = 16.0.30011.22
MinimumVisualStudioVersion = 10.0.40219.1
Project("{FAE04EC0-301F-11D3-BF4B-00C04F79EFBC}") = "NextBiggerNumber", "NextBiggerNumber.csproj", "{F1C62AFA-023B-469C-9937-048C05B0320B}"
EndProject
Global
	GlobalSection(SolutionConfigurationPlatforms) = preSolution
		Debug|Any CPU = Debug|Any CPU
		Release|Any CPU = Release|Any CPU
	EndGlobalSection
	GlobalSection(ProjectConfigurationPlatforms) = postSolution
		{F1C62AFA-023B-469C-9937-048C05B0320B}.Debug|Any CPU.ActiveCfg = Debug|Any CPU
		{F1C62AFA-023B-469C-9937-048C05B0320B}.Debug|Any CPU.Build.0 = Debug|Any CPU
		{F1C62AFA-023B-469C-9937-048C05B0320B}.Release|Any CPU.ActiveCfg = Release|Any CPU
		{F1C62AFA-023B-469C-9937-048C05B0320B}.Release|Any CPU.Build.0 = Release|Any CPU
	EndGlobalSection
	GlobalSection(SolutionProperties) = preSolution
		HideSolutionNode = FALSE
	EndGlobalSection
	GlobalSection(ExtensibilityGlobals) = postSolution
		SolutionGuid = {5F2A739B-8797-4486-870B-6E9FCACBB719}
	EndGlobalSection
EndGlobal
