
Microsoft Visual Studio Solution File, Format Version 12.00
# Visual Studio Version 16
VisualStudioVersion = 16.0.30011.22
MinimumVisualStudioVersion = 10.0.40219.1
Project("{FAE04EC0-301F-11D3-BF4B-00C04F79EFBC}") = "Multiples_of_3_or_5", "Multiples_of_3_or_5.csproj", "{F92829E6-CD55-4322-A053-7F265A4BEBC3}"
EndProject
Global
	GlobalSection(SolutionConfigurationPlatforms) = preSolution
		Debug|Any CPU = Debug|Any CPU
		Release|Any CPU = Release|Any CPU
	EndGlobalSection
	GlobalSection(ProjectConfigurationPlatforms) = postSolution
		{F92829E6-CD55-4322-A053-7F265A4BEBC3}.Debug|Any CPU.ActiveCfg = Debug|Any CPU
		{F92829E6-CD55-4322-A053-7F265A4BEBC3}.Debug|Any CPU.Build.0 = Debug|Any CPU
		{F92829E6-CD55-4322-A053-7F265A4BEBC3}.Release|Any CPU.ActiveCfg = Release|Any CPU
		{F92829E6-CD55-4322-A053-7F265A4BEBC3}.Release|Any CPU.Build.0 = Release|Any CPU
	EndGlobalSection
	GlobalSection(SolutionProperties) = preSolution
		HideSolutionNode = FALSE
	EndGlobalSection
	GlobalSection(ExtensibilityGlobals) = postSolution
		SolutionGuid = {B8E9BFF9-8C6C-456C-BD52-5100F1161DDF}
	EndGlobalSection
EndGlobal
