
Microsoft Visual Studio Solution File, Format Version 12.00
# Visual Studio Version 16
VisualStudioVersion = 16.0.30011.22
MinimumVisualStudioVersion = 10.0.40219.1
Project("{FAE04EC0-301F-11D3-BF4B-00C04F79EFBC}") = "Consonant_value", "Consonant_value.csproj", "{BC70A08D-A693-4E9F-B55E-8B35E00BC901}"
EndProject
Global
	GlobalSection(SolutionConfigurationPlatforms) = preSolution
		Debug|Any CPU = Debug|Any CPU
		Release|Any CPU = Release|Any CPU
	EndGlobalSection
	GlobalSection(ProjectConfigurationPlatforms) = postSolution
		{BC70A08D-A693-4E9F-B55E-8B35E00BC901}.Debug|Any CPU.ActiveCfg = Debug|Any CPU
		{BC70A08D-A693-4E9F-B55E-8B35E00BC901}.Debug|Any CPU.Build.0 = Debug|Any CPU
		{BC70A08D-A693-4E9F-B55E-8B35E00BC901}.Release|Any CPU.ActiveCfg = Release|Any CPU
		{BC70A08D-A693-4E9F-B55E-8B35E00BC901}.Release|Any CPU.Build.0 = Release|Any CPU
	EndGlobalSection
	GlobalSection(SolutionProperties) = preSolution
		HideSolutionNode = FALSE
	EndGlobalSection
	GlobalSection(ExtensibilityGlobals) = postSolution
		SolutionGuid = {B2DDFF91-8751-49FC-B922-BB3D5F498AE3}
	EndGlobalSection
EndGlobal
